
Microsoft Visual Studio Solution File, Format Version 12.00
# Visual Studio Version 17
VisualStudioVersion = 17.4.33122.133
MinimumVisualStudioVersion = 10.0.40219.1
Project("{9A19103F-16F7-4668-BE54-9A1E7A4F7556}") = "my-books", "my-books\my-books.csproj", "{CD9D676A-0B39-49A6-AFE7-E8F6CB0E8BEB}"
EndProject
Project("{FAE04EC0-301F-11D3-BF4B-00C04F79EFBC}") = "my-books-tests", "my-books-tests\my-books-tests.csproj", "{2A421CA1-C941-444B-93BE-56C98D2026CA}"
EndProject
Global
	GlobalSection(SolutionConfigurationPlatforms) = preSolution
		Debug|Any CPU = Debug|Any CPU
		Release|Any CPU = Release|Any CPU
	EndGlobalSection
	GlobalSection(ProjectConfigurationPlatforms) = postSolution
		{CD9D676A-0B39-49A6-AFE7-E8F6CB0E8BEB}.Debug|Any CPU.ActiveCfg = Debug|Any CPU
		{CD9D676A-0B39-49A6-AFE7-E8F6CB0E8BEB}.Debug|Any CPU.Build.0 = Debug|Any CPU
		{CD9D676A-0B39-49A6-AFE7-E8F6CB0E8BEB}.Release|Any CPU.ActiveCfg = Release|Any CPU
		{CD9D676A-0B39-49A6-AFE7-E8F6CB0E8BEB}.Release|Any CPU.Build.0 = Release|Any CPU
		{2A421CA1-C941-444B-93BE-56C98D2026CA}.Debug|Any CPU.ActiveCfg = Debug|Any CPU
		{2A421CA1-C941-444B-93BE-56C98D2026CA}.Debug|Any CPU.Build.0 = Debug|Any CPU
		{2A421CA1-C941-444B-93BE-56C98D2026CA}.Release|Any CPU.ActiveCfg = Release|Any CPU
		{2A421CA1-C941-444B-93BE-56C98D2026CA}.Release|Any CPU.Build.0 = Release|Any CPU
	EndGlobalSection
	GlobalSection(SolutionProperties) = preSolution
		HideSolutionNode = FALSE
	EndGlobalSection
	GlobalSection(ExtensibilityGlobals) = postSolution
		SolutionGuid = {57459790-A9DB-4856-A3D7-DCCDC6B59BA1}
	EndGlobalSection
EndGlobal
